// !$*UTF8*$!
{
	archiveVersion = 1;
	classes = {
	};
	objectVersion = 46;
	objects = {

/* Begin PBXBuildFile section */
		8433D7A51D7432DE00D433E7 /* AppDelegate.swift in Sources */ = {isa = PBXBuildFile; fileRef = 8433D7A41D7432DE00D433E7 /* AppDelegate.swift */; };
		8433D7A71D7432DE00D433E7 /* ViewController.swift in Sources */ = {isa = PBXBuildFile; fileRef = 8433D7A61D7432DE00D433E7 /* ViewController.swift */; };
		8433D7AA1D7432DE00D433E7 /* Main.storyboard in Resources */ = {isa = PBXBuildFile; fileRef = 8433D7A81D7432DE00D433E7 /* Main.storyboard */; };
		8433D7AC1D7432DE00D433E7 /* Assets.xcassets in Resources */ = {isa = PBXBuildFile; fileRef = 8433D7AB1D7432DE00D433E7 /* Assets.xcassets */; };
		8433D7AF1D7432DE00D433E7 /* LaunchScreen.storyboard in Resources */ = {isa = PBXBuildFile; fileRef = 8433D7AD1D7432DE00D433E7 /* LaunchScreen.storyboard */; };
		8433D7B91D74379000D433E7 /* PoemNameCell.swift in Sources */ = {isa = PBXBuildFile; fileRef = 8433D7B81D74379000D433E7 /* PoemNameCell.swift */; };
		8433D7BD1D74397600D433E7 /* PoemsDataSource.swift in Sources */ = {isa = PBXBuildFile; fileRef = 8433D7BC1D74397600D433E7 /* PoemsDataSource.swift */; };
		8433D7BF1D743A1C00D433E7 /* Poem.swift in Sources */ = {isa = PBXBuildFile; fileRef = 8433D7BE1D743A1C00D433E7 /* Poem.swift */; };
		8433D7C31D74401900D433E7 /* PoemViewController.swift in Sources */ = {isa = PBXBuildFile; fileRef = 8433D7C21D74401900D433E7 /* PoemViewController.swift */; };
/* End PBXBuildFile section */

/* Begin PBXFileReference section */
		8433D7A11D7432DE00D433E7 /* Mayakovsky.app */ = {isa = PBXFileReference; explicitFileType = wrapper.application; includeInIndex = 0; path = Mayakovsky.app; sourceTree = BUILT_PRODUCTS_DIR; };
		8433D7A41D7432DE00D433E7 /* AppDelegate.swift */ = {isa = PBXFileReference; lastKnownFileType = sourcecode.swift; path = AppDelegate.swift; sourceTree = "<group>"; };
		8433D7A61D7432DE00D433E7 /* ViewController.swift */ = {isa = PBXFileReference; lastKnownFileType = sourcecode.swift; path = ViewController.swift; sourceTree = "<group>"; };
		8433D7A91D7432DE00D433E7 /* Base */ = {isa = PBXFileReference; lastKnownFileType = file.storyboard; name = Base; path = Base.lproj/Main.storyboard; sourceTree = "<group>"; };
		8433D7AB1D7432DE00D433E7 /* Assets.xcassets */ = {isa = PBXFileReference; lastKnownFileType = folder.assetcatalog; path = Assets.xcassets; sourceTree = "<group>"; };
		8433D7AE1D7432DE00D433E7 /* Base */ = {isa = PBXFileReference; lastKnownFileType = file.storyboard; name = Base; path = Base.lproj/LaunchScreen.storyboard; sourceTree = "<group>"; };
		8433D7B01D7432DE00D433E7 /* Info.plist */ = {isa = PBXFileReference; lastKnownFileType = text.plist.xml; path = Info.plist; sourceTree = "<group>"; };
		8433D7B81D74379000D433E7 /* PoemNameCell.swift */ = {isa = PBXFileReference; fileEncoding = 4; lastKnownFileType = sourcecode.swift; path = PoemNameCell.swift; sourceTree = "<group>"; };
		8433D7BC1D74397600D433E7 /* PoemsDataSource.swift */ = {isa = PBXFileReference; fileEncoding = 4; lastKnownFileType = sourcecode.swift; path = PoemsDataSource.swift; sourceTree = "<group>"; };
		8433D7BE1D743A1C00D433E7 /* Poem.swift */ = {isa = PBXFileReference; fileEncoding = 4; lastKnownFileType = sourcecode.swift; path = Poem.swift; sourceTree = "<group>"; };
		8433D7C21D74401900D433E7 /* PoemViewController.swift */ = {isa = PBXFileReference; fileEncoding = 4; lastKnownFileType = sourcecode.swift; path = PoemViewController.swift; sourceTree = "<group>"; };
/* End PBXFileReference section */

/* Begin PBXFrameworksBuildPhase section */
		8433D79E1D7432DE00D433E7 /* Frameworks */ = {
			isa = PBXFrameworksBuildPhase;
			buildActionMask = 2147483647;
			files = (
			);
			runOnlyForDeploymentPostprocessing = 0;
		};
/* End PBXFrameworksBuildPhase section */

/* Begin PBXGroup section */
		8433D7981D7432DE00D433E7 = {
			isa = PBXGroup;
			children = (
				8433D7A31D7432DE00D433E7 /* Mayakovsky */,
				8433D7A21D7432DE00D433E7 /* Products */,
			);
			sourceTree = "<group>";
		};
		8433D7A21D7432DE00D433E7 /* Products */ = {
			isa = PBXGroup;
			children = (
				8433D7A11D7432DE00D433E7 /* Mayakovsky.app */,
			);
			name = Products;
			sourceTree = "<group>";
		};
		8433D7A31D7432DE00D433E7 /* Mayakovsky */ = {
			isa = PBXGroup;
			children = (
				8433D7A41D7432DE00D433E7 /* AppDelegate.swift */,
				8433D7A61D7432DE00D433E7 /* ViewController.swift */,
				8433D7A81D7432DE00D433E7 /* Main.storyboard */,
				8433D7AB1D7432DE00D433E7 /* Assets.xcassets */,
				8433D7AD1D7432DE00D433E7 /* LaunchScreen.storyboard */,
				8433D7B01D7432DE00D433E7 /* Info.plist */,
				8433D7B81D74379000D433E7 /* PoemNameCell.swift */,
				8433D7BC1D74397600D433E7 /* PoemsDataSource.swift */,
				8433D7BE1D743A1C00D433E7 /* Poem.swift */,
				8433D7C21D74401900D433E7 /* PoemViewController.swift */,
			);
			path = Mayakovsky;
			sourceTree = "<group>";
		};
/* End PBXGroup section */

/* Begin PBXNativeTarget section */
		8433D7A01D7432DE00D433E7 /* Mayakovsky */ = {
			isa = PBXNativeTarget;
			buildConfigurationList = 8433D7B31D7432DE00D433E7 /* Build configuration list for PBXNativeTarget "Mayakovsky" */;
			buildPhases = (
				8433D79D1D7432DE00D433E7 /* Sources */,
				8433D79E1D7432DE00D433E7 /* Frameworks */,
				8433D79F1D7432DE00D433E7 /* Resources */,
			);
			buildRules = (
			);
			dependencies = (
			);
			name = Mayakovsky;
			productName = Mayakovsky;
			productReference = 8433D7A11D7432DE00D433E7 /* Mayakovsky.app */;
			productType = "com.apple.product-type.application";
		};
/* End PBXNativeTarget section */

/* Begin PBXProject section */
		8433D7991D7432DE00D433E7 /* Project object */ = {
			isa = PBXProject;
			attributes = {
				LastSwiftUpdateCheck = 0730;
				LastUpgradeCheck = 0730;
				ORGANIZATIONNAME = "Grigory Bochkarev";
				TargetAttributes = {
					8433D7A01D7432DE00D433E7 = {
						CreatedOnToolsVersion = 7.3;
						DevelopmentTeam = AHN6693P2A;
					};
				};
			};
			buildConfigurationList = 8433D79C1D7432DE00D433E7 /* Build configuration list for PBXProject "Mayakovsky" */;
			compatibilityVersion = "Xcode 3.2";
			developmentRegion = English;
			hasScannedForEncodings = 0;
			knownRegions = (
				en,
				Base,
			);
			mainGroup = 8433D7981D7432DE00D433E7;
			productRefGroup = 8433D7A21D7432DE00D433E7 /* Products */;
			projectDirPath = "";
			projectRoot = "";
			targets = (
				8433D7A01D7432DE00D433E7 /* Mayakovsky */,
			);
		};
/* End PBXProject section */

/* Begin PBXResourcesBuildPhase section */
		8433D79F1D7432DE00D433E7 /* Resources */ = {
			isa = PBXResourcesBuildPhase;
			buildActionMask = 2147483647;
			files = (
				8433D7AF1D7432DE00D433E7 /* LaunchScreen.storyboard in Resources */,
				8433D7AC1D7432DE00D433E7 /* Assets.xcassets in Resources */,
				8433D7AA1D7432DE00D433E7 /* Main.storyboard in Resources */,
			);
			runOnlyForDeploymentPostprocessing = 0;
		};
/* End PBXResourcesBuildPhase section */

/* Begin PBXSourcesBuildPhase section */
		8433D79D1D7432DE00D433E7 /* Sources */ = {
			isa = PBXSourcesBuildPhase;
			buildActionMask = 2147483647;
			files = (
				8433D7A71D7432DE00D433E7 /* ViewController.swift in Sources */,
				8433D7A51D7432DE00D433E7 /* AppDelegate.swift in Sources */,
				8433D7BD1D74397600D433E7 /* PoemsDataSource.swift in Sources */,
				8433D7BF1D743A1C00D433E7 /* Poem.swift in Sources */,
				8433D7B91D74379000D433E7 /* PoemNameCell.swift in Sources */,
				8433D7C31D74401900D433E7 /* PoemViewController.swift in Sources */,
			);
			runOnlyForDeploymentPostprocessing = 0;
		};
/* End PBXSourcesBuildPhase section */

/* Begin PBXVariantGroup section */
		8433D7A81D7432DE00D433E7 /* Main.storyboard */ = {
			isa = PBXVariantGroup;
			children = (
				8433D7A91D7432DE00D433E7 /* Base */,
			);
			name = Main.storyboard;
			sourceTree = "<group>";
		};
		8433D7AD1D7432DE00D433E7 /* LaunchScreen.storyboard */ = {
			isa = PBXVariantGroup;
			children = (
				8433D7AE1D7432DE00D433E7 /* Base */,
			);
			name = LaunchScreen.storyboard;
			sourceTree = "<group>";
		};
/* End PBXVariantGroup section */

/* Begin XCBuildConfiguration section */
		8433D7B11D7432DE00D433E7 /* Debug */ = {
			isa = XCBuildConfiguration;
			buildSettings = {
				ALWAYS_SEARCH_USER_PATHS = NO;
				CLANG_ANALYZER_NONNULL = YES;
				CLANG_CXX_LANGUAGE_STANDARD = "gnu++0x";
				CLANG_CXX_LIBRARY = "libc++";
				CLANG_ENABLE_MODULES = YES;
				CLANG_ENABLE_OBJC_ARC = YES;
				CLANG_WARN_BOOL_CONVERSION = YES;
				CLANG_WARN_CONSTANT_CONVERSION = YES;
				CLANG_WARN_DIRECT_OBJC_ISA_USAGE = YES_ERROR;
				CLANG_WARN_EMPTY_BODY = YES;
				CLANG_WARN_ENUM_CONVERSION = YES;
				CLANG_WARN_INT_CONVERSION = YES;
				CLANG_WARN_OBJC_ROOT_CLASS = YES_ERROR;
				CLANG_WARN_UNREACHABLE_CODE = YES;
				CLANG_WARN__DUPLICATE_METHOD_MATCH = YES;
				"CODE_SIGN_IDENTITY[sdk=iphoneos*]" = "iPhone Developer";
				COPY_PHASE_STRIP = NO;
				DEBUG_INFORMATION_FORMAT = dwarf;
				ENABLE_STRICT_OBJC_MSGSEND = YES;
				ENABLE_TESTABILITY = YES;
				GCC_C_LANGUAGE_STANDARD = gnu99;
				GCC_DYNAMIC_NO_PIC = NO;
				GCC_NO_COMMON_BLOCKS = YES;
				GCC_OPTIMIZATION_LEVEL = 0;
				GCC_PREPROCESSOR_DEFINITIONS = (
					"DEBUG=1",
					"$(inherited)",
				);
				GCC_WARN_64_TO_32_BIT_CONVERSION = YES;
				GCC_WARN_ABOUT_RETURN_TYPE = YES_ERROR;
				GCC_WARN_UNDECLARED_SELECTOR = YES;
				GCC_WARN_UNINITIALIZED_AUTOS = YES_AGGRESSIVE;
				GCC_WARN_UNUSED_FUNCTION = YES;
				GCC_WARN_UNUSED_VARIABLE = YES;
				IPHONEOS_DEPLOYMENT_TARGET = 9.3;
				MTL_ENABLE_DEBUG_INFO = YES;
				ONLY_ACTIVE_ARCH = YES;
				SDKROOT = iphoneos;
				SWIFT_OPTIMIZATION_LEVEL = "-Onone";
				TARGETED_DEVICE_FAMILY = "1,2";
			};
			name = Debug;
		};
		8433D7B21D7432DE00D433E7 /* Release */ = {
			isa = XCBuildConfiguration;
			buildSettings = {
				ALWAYS_SEARCH_USER_PATHS = NO;
				CLANG_ANALYZER_NONNULL = YES;
				CLANG_CXX_LANGUAGE_STANDARD = "gnu++0x";
				CLANG_CXX_LIBRARY = "libc++";
				CLANG_ENABLE_MODULES = YES;
				CLANG_ENABLE_OBJC_ARC = YES;
				CLANG_WARN_BOOL_CONVERSION = YES;
				CLANG_WARN_CONSTANT_CONVERSION = YES;
				CLANG_WARN_DIRECT_OBJC_ISA_USAGE = YES_ERROR;
				CLANG_WARN_EMPTY_BODY = YES;
				CLANG_WARN_ENUM_CONVERSION = YES;
				CLANG_WARN_INT_CONVERSION = YES;
				CLANG_WARN_OBJC_ROOT_CLASS = YES_ERROR;
				CLANG_WARN_UNREACHABLE_CODE = YES;
				CLANG_WARN__DUPLICATE_METHOD_MATCH = YES;
				"CODE_SIGN_IDENTITY[sdk=iphoneos*]" = "iPhone Developer";
				COPY_PHASE_STRIP = NO;
				DEBUG_INFORMATION_FORMAT = "dwarf-with-dsym";
				ENABLE_NS_ASSERTIONS = NO;
				ENABLE_STRICT_OBJC_MSGSEND = YES;
				GCC_C_LANGUAGE_STANDARD = gnu99;
				GCC_NO_COMMON_BLOCKS = YES;
				GCC_WARN_64_TO_32_BIT_CONVERSION = YES;
				GCC_WARN_ABOUT_RETURN_TYPE = YES_ERROR;
				GCC_WARN_UNDECLARED_SELECTOR = YES;
				GCC_WARN_UNINITIALIZED_AUTOS = YES_AGGRESSIVE;
				GCC_WARN_UNUSED_FUNCTION = YES;
				GCC_WARN_UNUSED_VARIABLE = YES;
				IPHONEOS_DEPLOYMENT_TARGET = 9.3;
				MTL_ENABLE_DEBUG_INFO = NO;
				SDKROOT = iphoneos;
				TARGETED_DEVICE_FAMILY = "1,2";
				VALIDATE_PRODUCT = YES;
			};
			name = Release;
		};
		8433D7B41D7432DE00D433E7 /* Debug */ = {
			isa = XCBuildConfiguration;
			buildSettings = {
				ASSETCATALOG_COMPILER_APPICON_NAME = AppIcon;
				INFOPLIST_FILE = Mayakovsky/Info.plist;
				LD_RUNPATH_SEARCH_PATHS = "$(inherited) @executable_path/Frameworks";
				PRODUCT_BUNDLE_IDENTIFIER = GRIB.Mayakovsky;
				PRODUCT_NAME = "$(TARGET_NAME)";
			};
			name = Debug;
		};
		8433D7B51D7432DE00D433E7 /* Release */ = {
			isa = XCBuildConfiguration;
			buildSettings = {
				ASSETCATALOG_COMPILER_APPICON_NAME = AppIcon;
				INFOPLIST_FILE = Mayakovsky/Info.plist;
				LD_RUNPATH_SEARCH_PATHS = "$(inherited) @executable_path/Frameworks";
				PRODUCT_BUNDLE_IDENTIFIER = GRIB.Mayakovsky;
				PRODUCT_NAME = "$(TARGET_NAME)";
			};
			name = Release;
		};
/* End XCBuildConfiguration section */

/* Begin XCConfigurationList section */
		8433D79C1D7432DE00D433E7 /* Build configuration list for PBXProject "Mayakovsky" */ = {
			isa = XCConfigurationList;
			buildConfigurations = (
				8433D7B11D7432DE00D433E7 /* Debug */,
				8433D7B21D7432DE00D433E7 /* Release */,
			);
			defaultConfigurationIsVisible = 0;
			defaultConfigurationName = Release;
		};
		8433D7B31D7432DE00D433E7 /* Build configuration list for PBXNativeTarget "Mayakovsky" */ = {
			isa = XCConfigurationList;
			buildConfigurations = (
				8433D7B41D7432DE00D433E7 /* Debug */,
				8433D7B51D7432DE00D433E7 /* Release */,
			);
			defaultConfigurationIsVisible = 0;
		};
/* End XCConfigurationList section */
	};
	rootObject = 8433D7991D7432DE00D433E7 /* Project object */;
}
